
Microsoft Visual Studio Solution File, Format Version 12.00
Project("{FAE04EC0-301F-11D3-BF4B-00C04F79EFBC}") = "Day1.1", "Day1.1\Day1.1.csproj", "{D35FEC3E-AF28-495E-B2DA-A39CD20186FD}"
EndProject
Project("{FAE04EC0-301F-11D3-BF4B-00C04F79EFBC}") = "Day1.2", "Day1.2\Day1.2.csproj", "{4D75F4A1-6144-429F-A2B8-8F49DAF8E351}"
EndProject
Global
	GlobalSection(SolutionConfigurationPlatforms) = preSolution
		Debug|Any CPU = Debug|Any CPU
		Release|Any CPU = Release|Any CPU
	EndGlobalSection
	GlobalSection(ProjectConfigurationPlatforms) = postSolution
		{D35FEC3E-AF28-495E-B2DA-A39CD20186FD}.Debug|Any CPU.ActiveCfg = Debug|Any CPU
		{D35FEC3E-AF28-495E-B2DA-A39CD20186FD}.Debug|Any CPU.Build.0 = Debug|Any CPU
		{D35FEC3E-AF28-495E-B2DA-A39CD20186FD}.Release|Any CPU.ActiveCfg = Release|Any CPU
		{D35FEC3E-AF28-495E-B2DA-A39CD20186FD}.Release|Any CPU.Build.0 = Release|Any CPU
		{4D75F4A1-6144-429F-A2B8-8F49DAF8E351}.Debug|Any CPU.ActiveCfg = Debug|Any CPU
		{4D75F4A1-6144-429F-A2B8-8F49DAF8E351}.Debug|Any CPU.Build.0 = Debug|Any CPU
		{4D75F4A1-6144-429F-A2B8-8F49DAF8E351}.Release|Any CPU.ActiveCfg = Release|Any CPU
		{4D75F4A1-6144-429F-A2B8-8F49DAF8E351}.Release|Any CPU.Build.0 = Release|Any CPU
	EndGlobalSection
EndGlobal
