
Microsoft Visual Studio Solution File, Format Version 12.00
Project("{FAE04EC0-301F-11D3-BF4B-00C04F79EFBC}") = "Day1.1", "Day1.1\Day1.1.csproj", "{D35FEC3E-AF28-495E-B2DA-A39CD20186FD}"
EndProject
Project("{FAE04EC0-301F-11D3-BF4B-00C04F79EFBC}") = "Day1.2", "Day1.2\Day1.2.csproj", "{4D75F4A1-6144-429F-A2B8-8F49DAF8E351}"
EndProject
Project("{FAE04EC0-301F-11D3-BF4B-00C04F79EFBC}") = "Day2.1", "Day2.1\Day2.1.csproj", "{E007C0DF-660D-43F3-935A-0EC84F325B8F}"
EndProject
Project("{FAE04EC0-301F-11D3-BF4B-00C04F79EFBC}") = "Day2.2", "Day2.2\Day2.2.csproj", "{12B9AD69-EC4B-413C-9477-29BA3F8CC522}"
EndProject
Project("{FAE04EC0-301F-11D3-BF4B-00C04F79EFBC}") = "Day3.1", "Day3.1\Day3.1.csproj", "{B3E5C76A-D8C8-4F08-B5B5-5656B3387E07}"
EndProject
Project("{FAE04EC0-301F-11D3-BF4B-00C04F79EFBC}") = "Day3.2", "Day3.2\Day3.2.csproj", "{16018C98-D1E9-4A96-87E2-53FF1DD12C3D}"
EndProject
Global
	GlobalSection(SolutionConfigurationPlatforms) = preSolution
		Debug|Any CPU = Debug|Any CPU
		Release|Any CPU = Release|Any CPU
	EndGlobalSection
	GlobalSection(ProjectConfigurationPlatforms) = postSolution
		{D35FEC3E-AF28-495E-B2DA-A39CD20186FD}.Debug|Any CPU.ActiveCfg = Debug|Any CPU
		{D35FEC3E-AF28-495E-B2DA-A39CD20186FD}.Debug|Any CPU.Build.0 = Debug|Any CPU
		{D35FEC3E-AF28-495E-B2DA-A39CD20186FD}.Release|Any CPU.ActiveCfg = Release|Any CPU
		{D35FEC3E-AF28-495E-B2DA-A39CD20186FD}.Release|Any CPU.Build.0 = Release|Any CPU
		{4D75F4A1-6144-429F-A2B8-8F49DAF8E351}.Debug|Any CPU.ActiveCfg = Debug|Any CPU
		{4D75F4A1-6144-429F-A2B8-8F49DAF8E351}.Debug|Any CPU.Build.0 = Debug|Any CPU
		{4D75F4A1-6144-429F-A2B8-8F49DAF8E351}.Release|Any CPU.ActiveCfg = Release|Any CPU
		{4D75F4A1-6144-429F-A2B8-8F49DAF8E351}.Release|Any CPU.Build.0 = Release|Any CPU
		{E007C0DF-660D-43F3-935A-0EC84F325B8F}.Debug|Any CPU.ActiveCfg = Debug|Any CPU
		{E007C0DF-660D-43F3-935A-0EC84F325B8F}.Debug|Any CPU.Build.0 = Debug|Any CPU
		{E007C0DF-660D-43F3-935A-0EC84F325B8F}.Release|Any CPU.ActiveCfg = Release|Any CPU
		{E007C0DF-660D-43F3-935A-0EC84F325B8F}.Release|Any CPU.Build.0 = Release|Any CPU
		{12B9AD69-EC4B-413C-9477-29BA3F8CC522}.Debug|Any CPU.ActiveCfg = Debug|Any CPU
		{12B9AD69-EC4B-413C-9477-29BA3F8CC522}.Debug|Any CPU.Build.0 = Debug|Any CPU
		{12B9AD69-EC4B-413C-9477-29BA3F8CC522}.Release|Any CPU.ActiveCfg = Release|Any CPU
		{12B9AD69-EC4B-413C-9477-29BA3F8CC522}.Release|Any CPU.Build.0 = Release|Any CPU
		{B3E5C76A-D8C8-4F08-B5B5-5656B3387E07}.Debug|Any CPU.ActiveCfg = Debug|Any CPU
		{B3E5C76A-D8C8-4F08-B5B5-5656B3387E07}.Debug|Any CPU.Build.0 = Debug|Any CPU
		{B3E5C76A-D8C8-4F08-B5B5-5656B3387E07}.Release|Any CPU.ActiveCfg = Release|Any CPU
		{B3E5C76A-D8C8-4F08-B5B5-5656B3387E07}.Release|Any CPU.Build.0 = Release|Any CPU
		{16018C98-D1E9-4A96-87E2-53FF1DD12C3D}.Debug|Any CPU.ActiveCfg = Debug|Any CPU
		{16018C98-D1E9-4A96-87E2-53FF1DD12C3D}.Debug|Any CPU.Build.0 = Debug|Any CPU
		{16018C98-D1E9-4A96-87E2-53FF1DD12C3D}.Release|Any CPU.ActiveCfg = Release|Any CPU
		{16018C98-D1E9-4A96-87E2-53FF1DD12C3D}.Release|Any CPU.Build.0 = Release|Any CPU
	EndGlobalSection
EndGlobal
